
Microsoft Visual Studio Solution File, Format Version 12.00
# Visual Studio Version 17
VisualStudioVersion = 17.8.34511.84
MinimumVisualStudioVersion = 10.0.40219.1
Project("{FAE04EC0-301F-11D3-BF4B-00C04F79EFBC}") = "CasitaAPI", "CasitaAPI\CasitaAPI.csproj", "{BEE14920-63E2-4502-8011-28D9A6E60FDA}"
EndProject
Global
	GlobalSection(SolutionConfigurationPlatforms) = preSolution
		Debug|Any CPU = Debug|Any CPU
		Release|Any CPU = Release|Any CPU
	EndGlobalSection
	GlobalSection(ProjectConfigurationPlatforms) = postSolution
		{BEE14920-63E2-4502-8011-28D9A6E60FDA}.Debug|Any CPU.ActiveCfg = Debug|Any CPU
		{BEE14920-63E2-4502-8011-28D9A6E60FDA}.Debug|Any CPU.Build.0 = Debug|Any CPU
		{BEE14920-63E2-4502-8011-28D9A6E60FDA}.Release|Any CPU.ActiveCfg = Release|Any CPU
		{BEE14920-63E2-4502-8011-28D9A6E60FDA}.Release|Any CPU.Build.0 = Release|Any CPU
	EndGlobalSection
	GlobalSection(SolutionProperties) = preSolution
		HideSolutionNode = FALSE
	EndGlobalSection
	GlobalSection(ExtensibilityGlobals) = postSolution
		SolutionGuid = {B0602E49-25AC-4755-BCDF-69C692830EA1}
	EndGlobalSection
EndGlobal
